{
  "name": "@kmamal/net",
  "version": "0.0.2",
  "lockfileVersion": 2,
  "requires": true,
  "packages": {
    "": {
      "name": "@kmamal/net",
      "version": "0.0.2",
      "license": "MIT",
      "dependencies": {
        "@kmamal/date": "^0.0.2",
        "@kmamal/logging": "^0.0.6",
        "@kmamal/stream": "^0.0.8",
        "@kmamal/util": "^0.0.92",
        "mime-types": "^2.1.35"
      }
    },
    "node_modules/@kmamal/date": {
      "version": "0.0.2",
      "resolved": "https://registry.npmjs.org/@kmamal/date/-/date-0.0.2.tgz",
      "integrity": "sha512-AMsPSA9NzYriq7nzWQSMVex3KfjPG5JzaLQnKlijUiWQGVfSXGYDoCx01B387REn7xrNkx3+eXOW1hASWRnilw==",
      "dependencies": {
        "@kmamal/util": "^0.0.85"
      }
    },
    "node_modules/@kmamal/date/node_modules/@kmamal/util": {
      "version": "0.0.85",
      "resolved": "https://registry.npmjs.org/@kmamal/util/-/util-0.0.85.tgz",
      "integrity": "sha512-3vCOeDH3Oik6knG6TK6PJn7Sa1A/jLKzn2Blw9rRx2MfHSUeO+JB/6pg+0bU4xTpihjuS4NANGvnYLriSb/lDw==",
      "dependencies": {
        "@kmamal/testing": "^0.0.18"
      }
    },
    "node_modules/@kmamal/logging": {
      "version": "0.0.6",
      "resolved": "https://registry.npmjs.org/@kmamal/logging/-/logging-0.0.6.tgz",
      "integrity": "sha512-yFILwbJDq992sJG32v0sE48MQW1uKm+fgUbaKUwtVAYspDRC7nO7yFwMmB1nIQmp6Hk/t54YBXF5FMkwp4TRdQ=="
    },
    "node_modules/@kmamal/stream": {
      "version": "0.0.8",
      "resolved": "https://registry.npmjs.org/@kmamal/stream/-/stream-0.0.8.tgz",
      "integrity": "sha512-DIdqHFAHYc92FjcjAsRJg2mnLDGe+aYogFC/73U9tcJu5/oqkznKTxM30AD/umdoKDfMgwJD65IOMGTZFCShRA=="
    },
    "node_modules/@kmamal/testing": {
      "version": "0.0.18",
      "resolved": "https://registry.npmjs.org/@kmamal/testing/-/testing-0.0.18.tgz",
      "integrity": "sha512-LdyWPeL1WCDiyUJZZfisUsLALx/WN/XxW5tM1dpxmkW+n75djBY28oDwI2q41KpAH2NYdIcLYUmU0T6ePiu1zA==",
      "dependencies": {
        "@kmamal/util": "^0.0.43"
      }
    },
    "node_modules/@kmamal/testing/node_modules/@kmamal/util": {
      "version": "0.0.43",
      "resolved": "https://registry.npmjs.org/@kmamal/util/-/util-0.0.43.tgz",
      "integrity": "sha512-3p1B8LyVo7NDZrVQqFdrvuAP/wEm+zc0IdRaV3+otE+ehwqZWXBkQs5QrQxjz5aXZb52gq9PfNCs/7daLU5GLA=="
    },
    "node_modules/@kmamal/util": {
      "version": "0.0.92",
      "resolved": "https://registry.npmjs.org/@kmamal/util/-/util-0.0.92.tgz",
      "integrity": "sha512-TGBHvDu1ZQmh2vFz9ZEqhf39CvAoFW9so60cIfNYq34prCVKXl5FkHdmK3rBpHDqHHb5o9KOa6DYvdoW1Yg25g==",
      "dependencies": {
        "@kmamal/testing": "^0.0.18"
      }
    },
    "node_modules/mime-db": {
      "version": "1.52.0",
      "resolved": "https://registry.npmjs.org/mime-db/-/mime-db-1.52.0.tgz",
      "integrity": "sha512-sPU4uV7dYlvtWJxwwxHD0PuihVNiE7TyAbQ5SWxDCB9mUYvOgroQOwYQQOKPJ8CIbE+1ETVlOoK1UC2nU3gYvg==",
      "engines": {
        "node": ">= 0.6"
      }
    },
    "node_modules/mime-types": {
      "version": "2.1.35",
      "resolved": "https://registry.npmjs.org/mime-types/-/mime-types-2.1.35.tgz",
      "integrity": "sha512-ZDY+bPm5zTTF+YpCrAU9nK0UgICYPT0QtT1NZWFv4s++TNkcgVaT0g6+4R2uI4MjQjzysHB1zxuWL50hzaeXiw==",
      "dependencies": {
        "mime-db": "1.52.0"
      },
      "engines": {
        "node": ">= 0.6"
      }
    }
  },
  "dependencies": {
    "@kmamal/date": {
      "version": "0.0.2",
      "resolved": "https://registry.npmjs.org/@kmamal/date/-/date-0.0.2.tgz",
      "integrity": "sha512-AMsPSA9NzYriq7nzWQSMVex3KfjPG5JzaLQnKlijUiWQGVfSXGYDoCx01B387REn7xrNkx3+eXOW1hASWRnilw==",
      "requires": {
        "@kmamal/util": "^0.0.85"
      },
      "dependencies": {
        "@kmamal/util": {
          "version": "0.0.85",
          "resolved": "https://registry.npmjs.org/@kmamal/util/-/util-0.0.85.tgz",
          "integrity": "sha512-3vCOeDH3Oik6knG6TK6PJn7Sa1A/jLKzn2Blw9rRx2MfHSUeO+JB/6pg+0bU4xTpihjuS4NANGvnYLriSb/lDw==",
          "requires": {
            "@kmamal/testing": "^0.0.18"
          }
        }
      }
    },
    "@kmamal/logging": {
      "version": "0.0.6",
      "resolved": "https://registry.npmjs.org/@kmamal/logging/-/logging-0.0.6.tgz",
      "integrity": "sha512-yFILwbJDq992sJG32v0sE48MQW1uKm+fgUbaKUwtVAYspDRC7nO7yFwMmB1nIQmp6Hk/t54YBXF5FMkwp4TRdQ=="
    },
    "@kmamal/stream": {
      "version": "0.0.8",
      "resolved": "https://registry.npmjs.org/@kmamal/stream/-/stream-0.0.8.tgz",
      "integrity": "sha512-DIdqHFAHYc92FjcjAsRJg2mnLDGe+aYogFC/73U9tcJu5/oqkznKTxM30AD/umdoKDfMgwJD65IOMGTZFCShRA=="
    },
    "@kmamal/testing": {
      "version": "0.0.18",
      "resolved": "https://registry.npmjs.org/@kmamal/testing/-/testing-0.0.18.tgz",
      "integrity": "sha512-LdyWPeL1WCDiyUJZZfisUsLALx/WN/XxW5tM1dpxmkW+n75djBY28oDwI2q41KpAH2NYdIcLYUmU0T6ePiu1zA==",
      "requires": {
        "@kmamal/util": "^0.0.43"
      },
      "dependencies": {
        "@kmamal/util": {
          "version": "0.0.43",
          "resolved": "https://registry.npmjs.org/@kmamal/util/-/util-0.0.43.tgz",
          "integrity": "sha512-3p1B8LyVo7NDZrVQqFdrvuAP/wEm+zc0IdRaV3+otE+ehwqZWXBkQs5QrQxjz5aXZb52gq9PfNCs/7daLU5GLA=="
        }
      }
    },
    "@kmamal/util": {
      "version": "0.0.92",
      "resolved": "https://registry.npmjs.org/@kmamal/util/-/util-0.0.92.tgz",
      "integrity": "sha512-TGBHvDu1ZQmh2vFz9ZEqhf39CvAoFW9so60cIfNYq34prCVKXl5FkHdmK3rBpHDqHHb5o9KOa6DYvdoW1Yg25g==",
      "requires": {
        "@kmamal/testing": "^0.0.18"
      }
    },
    "mime-db": {
      "version": "1.52.0",
      "resolved": "https://registry.npmjs.org/mime-db/-/mime-db-1.52.0.tgz",
      "integrity": "sha512-sPU4uV7dYlvtWJxwwxHD0PuihVNiE7TyAbQ5SWxDCB9mUYvOgroQOwYQQOKPJ8CIbE+1ETVlOoK1UC2nU3gYvg=="
    },
    "mime-types": {
      "version": "2.1.35",
      "resolved": "https://registry.npmjs.org/mime-types/-/mime-types-2.1.35.tgz",
      "integrity": "sha512-ZDY+bPm5zTTF+YpCrAU9nK0UgICYPT0QtT1NZWFv4s++TNkcgVaT0g6+4R2uI4MjQjzysHB1zxuWL50hzaeXiw==",
      "requires": {
        "mime-db": "1.52.0"
      }
    }
  }
}
